{
  "name": "algoritimo",
  "version": "1.0.0",
  "lockfileVersion": 2,
  "requires": true,
  "packages": {
    "": {
      "name": "algoritimo",
      "version": "1.0.0",
      "license": "ISC",
      "dependencies": {
        "algoritimo": "file:"
      }
    },
    "node_modules/algoritimo": {
      "resolved": "",
      "link": true
    }
  },
  "dependencies": {
    "algoritimo": {
      "version": "file:",
      "requires": {
        "algoritimo": "file:"
      }
    }
  }
}
